
Microsoft Visual Studio Solution File, Format Version 12.00
# Visual Studio 14
VisualStudioVersion = 14.0.25420.1
MinimumVisualStudioVersion = 10.0.40219.1
Project("{2150E333-8FDC-42A3-9474-1A3956D46DE8}") = "src", "src", "{F92BDF89-CE03-47D4-B355-9F6153F2565D}"
EndProject
Project("{2150E333-8FDC-42A3-9474-1A3956D46DE8}") = "Solution Items", "Solution Items", "{AF0533F5-956D-47EB-914A-23A4575930CB}"
	ProjectSection(SolutionItems) = preProject
		global.json = global.json
	EndProjectSection
EndProject
Project("{8BB2217D-0F2D-49D1-97BC-3654ED321F3B}") = "SchedulerApp.Data", "src\SchedulerApp.Data\SchedulerApp.Data.xproj", "{236A815B-DAB4-4ABB-BE47-C7AEA035FF02}"
EndProject
Project("{8BB2217D-0F2D-49D1-97BC-3654ED321F3B}") = "SchedulerApp.Website", "src\SchedulerApp.Website\SchedulerApp.Website.xproj", "{6B385308-2807-48A1-862E-B8B8D5D7B310}"
EndProject
Project("{8BB2217D-0F2D-49D1-97BC-3654ED321F3B}") = "SchedulerApp.Domain", "src\SchedulerApp.Domain\SchedulerApp.Domain.xproj", "{371A4F35-424C-4A18-A4CA-3F5A67DE0A73}"
EndProject
Global
	GlobalSection(SolutionConfigurationPlatforms) = preSolution
		Debug|Any CPU = Debug|Any CPU
		Release|Any CPU = Release|Any CPU
	EndGlobalSection
	GlobalSection(ProjectConfigurationPlatforms) = postSolution
		{236A815B-DAB4-4ABB-BE47-C7AEA035FF02}.Debug|Any CPU.ActiveCfg = Debug|Any CPU
		{236A815B-DAB4-4ABB-BE47-C7AEA035FF02}.Debug|Any CPU.Build.0 = Debug|Any CPU
		{236A815B-DAB4-4ABB-BE47-C7AEA035FF02}.Release|Any CPU.ActiveCfg = Release|Any CPU
		{236A815B-DAB4-4ABB-BE47-C7AEA035FF02}.Release|Any CPU.Build.0 = Release|Any CPU
		{6B385308-2807-48A1-862E-B8B8D5D7B310}.Debug|Any CPU.ActiveCfg = Debug|Any CPU
		{6B385308-2807-48A1-862E-B8B8D5D7B310}.Debug|Any CPU.Build.0 = Debug|Any CPU
		{6B385308-2807-48A1-862E-B8B8D5D7B310}.Release|Any CPU.ActiveCfg = Release|Any CPU
		{6B385308-2807-48A1-862E-B8B8D5D7B310}.Release|Any CPU.Build.0 = Release|Any CPU
		{371A4F35-424C-4A18-A4CA-3F5A67DE0A73}.Debug|Any CPU.ActiveCfg = Debug|Any CPU
		{371A4F35-424C-4A18-A4CA-3F5A67DE0A73}.Debug|Any CPU.Build.0 = Debug|Any CPU
		{371A4F35-424C-4A18-A4CA-3F5A67DE0A73}.Release|Any CPU.ActiveCfg = Release|Any CPU
		{371A4F35-424C-4A18-A4CA-3F5A67DE0A73}.Release|Any CPU.Build.0 = Release|Any CPU
	EndGlobalSection
	GlobalSection(SolutionProperties) = preSolution
		HideSolutionNode = FALSE
	EndGlobalSection
	GlobalSection(NestedProjects) = preSolution
		{236A815B-DAB4-4ABB-BE47-C7AEA035FF02} = {F92BDF89-CE03-47D4-B355-9F6153F2565D}
		{6B385308-2807-48A1-862E-B8B8D5D7B310} = {F92BDF89-CE03-47D4-B355-9F6153F2565D}
		{371A4F35-424C-4A18-A4CA-3F5A67DE0A73} = {F92BDF89-CE03-47D4-B355-9F6153F2565D}
	EndGlobalSection
EndGlobal
